
Microsoft Visual Studio Solution File, Format Version 12.00
# Visual Studio 14
VisualStudioVersion = 14.0.25420.1
MinimumVisualStudioVersion = 10.0.40219.1
Project("{FAE04EC0-301F-11D3-BF4B-00C04F79EFBC}") = "BHF-grad-task", "BHF-grad-task\BHF-grad-task.csproj", "{34383F3D-38D9-4A28-9AF9-894FA4352090}"
EndProject
Project("{FAE04EC0-301F-11D3-BF4B-00C04F79EFBC}") = "BHF-grad-task.Tests", "BHF-grad-task.Tests\BHF-grad-task.Tests.csproj", "{1CD62457-9AD6-464A-8DD5-0420482A63D0}"
EndProject
Global
	GlobalSection(SolutionConfigurationPlatforms) = preSolution
		Debug|Any CPU = Debug|Any CPU
		Release|Any CPU = Release|Any CPU
	EndGlobalSection
	GlobalSection(ProjectConfigurationPlatforms) = postSolution
		{34383F3D-38D9-4A28-9AF9-894FA4352090}.Debug|Any CPU.ActiveCfg = Debug|Any CPU
		{34383F3D-38D9-4A28-9AF9-894FA4352090}.Debug|Any CPU.Build.0 = Debug|Any CPU
		{34383F3D-38D9-4A28-9AF9-894FA4352090}.Release|Any CPU.ActiveCfg = Release|Any CPU
		{34383F3D-38D9-4A28-9AF9-894FA4352090}.Release|Any CPU.Build.0 = Release|Any CPU
		{1CD62457-9AD6-464A-8DD5-0420482A63D0}.Debug|Any CPU.ActiveCfg = Debug|Any CPU
		{1CD62457-9AD6-464A-8DD5-0420482A63D0}.Debug|Any CPU.Build.0 = Debug|Any CPU
		{1CD62457-9AD6-464A-8DD5-0420482A63D0}.Release|Any CPU.ActiveCfg = Release|Any CPU
		{1CD62457-9AD6-464A-8DD5-0420482A63D0}.Release|Any CPU.Build.0 = Release|Any CPU
	EndGlobalSection
	GlobalSection(SolutionProperties) = preSolution
		HideSolutionNode = FALSE
	EndGlobalSection
EndGlobal
